
Microsoft Visual Studio Solution File, Format Version 12.00
# Visual Studio Version 17
VisualStudioVersion = 17.4.33213.308
MinimumVisualStudioVersion = 10.0.40219.1
Project("{9A19103F-16F7-4668-BE54-9A1E7A4F7556}") = "InventoryInCSharpAPI", "InventoryInCSharpAPI\InventoryInCSharpAPI.csproj", "{A09E87C9-25A6-4B63-A1BC-179D9924BAB4}"
EndProject
Project("{2150E333-8FDC-42A3-9474-1A3956D46DE8}") = "Docker", "Docker", "{8609A5E8-A7C2-4A36-8C37-723CF7A86EED}"
	ProjectSection(SolutionItems) = preProject
		docker-compose.yml = docker-compose.yml
		Dockerfile = Dockerfile
		docker-compose-test.yml = docker-compose-test.yml
		UI.Dockerfile = UI.Dockerfile
	EndProjectSection
EndProject
Project("{2150E333-8FDC-42A3-9474-1A3956D46DE8}") = "Postgresql", "Postgresql", "{3F619679-1F15-48A7-A5DB-2D888F613C1C}"
	ProjectSection(SolutionItems) = preProject
		init.sql = init.sql
		run-dotnet-app.sh = run-dotnet-app.sh
	EndProjectSection
EndProject
Project("{FAE04EC0-301F-11D3-BF4B-00C04F79EFBC}") = "InventoryInCSharp.IntegrationTests", "InventoryInCSharp.IntegrationTests\InventoryInCSharp.IntegrationTests.csproj", "{E3F185FB-AA89-4EB9-9E20-D9D046F7423C}"
EndProject
Project("{2150E333-8FDC-42A3-9474-1A3956D46DE8}") = "InventoryInCSharpUI", "InventoryInCSharpUI", "{87484D07-C929-4377-A564-EA3FF9A73B74}"
EndProject
Global
	GlobalSection(SolutionConfigurationPlatforms) = preSolution
		Debug|Any CPU = Debug|Any CPU
		Release|Any CPU = Release|Any CPU
	EndGlobalSection
	GlobalSection(ProjectConfigurationPlatforms) = postSolution
		{A09E87C9-25A6-4B63-A1BC-179D9924BAB4}.Debug|Any CPU.ActiveCfg = Debug|Any CPU
		{A09E87C9-25A6-4B63-A1BC-179D9924BAB4}.Debug|Any CPU.Build.0 = Debug|Any CPU
		{A09E87C9-25A6-4B63-A1BC-179D9924BAB4}.Release|Any CPU.ActiveCfg = Release|Any CPU
		{A09E87C9-25A6-4B63-A1BC-179D9924BAB4}.Release|Any CPU.Build.0 = Release|Any CPU
		{E3F185FB-AA89-4EB9-9E20-D9D046F7423C}.Debug|Any CPU.ActiveCfg = Debug|Any CPU
		{E3F185FB-AA89-4EB9-9E20-D9D046F7423C}.Debug|Any CPU.Build.0 = Debug|Any CPU
		{E3F185FB-AA89-4EB9-9E20-D9D046F7423C}.Release|Any CPU.ActiveCfg = Release|Any CPU
		{E3F185FB-AA89-4EB9-9E20-D9D046F7423C}.Release|Any CPU.Build.0 = Release|Any CPU
	EndGlobalSection
	GlobalSection(SolutionProperties) = preSolution
		HideSolutionNode = FALSE
	EndGlobalSection
	GlobalSection(ExtensibilityGlobals) = postSolution
		SolutionGuid = {7297C421-B672-4BC3-8586-7C01559E0882}
	EndGlobalSection
EndGlobal
