
Microsoft Visual Studio Solution File, Format Version 12.00
# Visual Studio Version 17
VisualStudioVersion = 17.4.33213.308
MinimumVisualStudioVersion = 10.0.40219.1
Project("{9A19103F-16F7-4668-BE54-9A1E7A4F7556}") = "InventoryInCSharp", "InventoryInCSharp\InventoryInCSharp.csproj", "{3E4BEAEB-9876-4288-9900-1F7918612D89}"
EndProject
Project("{FAE04EC0-301F-11D3-BF4B-00C04F79EFBC}") = "InventoryInCSharpAPI", "InventoryInCSharpAPI\InventoryInCSharpAPI.csproj", "{A09E87C9-25A6-4B63-A1BC-179D9924BAB4}"
EndProject
Global
	GlobalSection(SolutionConfigurationPlatforms) = preSolution
		Debug|Any CPU = Debug|Any CPU
		Release|Any CPU = Release|Any CPU
	EndGlobalSection
	GlobalSection(ProjectConfigurationPlatforms) = postSolution
		{3E4BEAEB-9876-4288-9900-1F7918612D89}.Debug|Any CPU.ActiveCfg = Debug|Any CPU
		{3E4BEAEB-9876-4288-9900-1F7918612D89}.Debug|Any CPU.Build.0 = Debug|Any CPU
		{3E4BEAEB-9876-4288-9900-1F7918612D89}.Release|Any CPU.ActiveCfg = Release|Any CPU
		{3E4BEAEB-9876-4288-9900-1F7918612D89}.Release|Any CPU.Build.0 = Release|Any CPU
		{A09E87C9-25A6-4B63-A1BC-179D9924BAB4}.Debug|Any CPU.ActiveCfg = Debug|Any CPU
		{A09E87C9-25A6-4B63-A1BC-179D9924BAB4}.Debug|Any CPU.Build.0 = Debug|Any CPU
		{A09E87C9-25A6-4B63-A1BC-179D9924BAB4}.Release|Any CPU.ActiveCfg = Release|Any CPU
		{A09E87C9-25A6-4B63-A1BC-179D9924BAB4}.Release|Any CPU.Build.0 = Release|Any CPU
	EndGlobalSection
	GlobalSection(SolutionProperties) = preSolution
		HideSolutionNode = FALSE
	EndGlobalSection
	GlobalSection(ExtensibilityGlobals) = postSolution
		SolutionGuid = {7297C421-B672-4BC3-8586-7C01559E0882}
	EndGlobalSection
EndGlobal
